
Microsoft Visual Studio Solution File, Format Version 12.00
# Visual Studio Version 17
VisualStudioVersion = 17.0.31903.59
MinimumVisualStudioVersion = 10.0.40219.1
Project("{FAE04EC0-301F-11D3-BF4B-00C04F79EFBC}") = "Windows.Files.Organizer", "Windows.Files.Organizer.csproj", "{FEB83403-DD2D-4A55-B32F-18DBF97F9543}"
EndProject
Global
	GlobalSection(SolutionConfigurationPlatforms) = preSolution
		Debug|Any CPU = Debug|Any CPU
		Release|Any CPU = Release|Any CPU
	EndGlobalSection
	GlobalSection(SolutionProperties) = preSolution
		HideSolutionNode = FALSE
	EndGlobalSection
	GlobalSection(ProjectConfigurationPlatforms) = postSolution
		{FEB83403-DD2D-4A55-B32F-18DBF97F9543}.Debug|Any CPU.ActiveCfg = Debug|Any CPU
		{FEB83403-DD2D-4A55-B32F-18DBF97F9543}.Debug|Any CPU.Build.0 = Debug|Any CPU
		{FEB83403-DD2D-4A55-B32F-18DBF97F9543}.Release|Any CPU.ActiveCfg = Release|Any CPU
		{FEB83403-DD2D-4A55-B32F-18DBF97F9543}.Release|Any CPU.Build.0 = Release|Any CPU
	EndGlobalSection
EndGlobal
